
Microsoft Visual Studio Solution File, Format Version 12.00
# Visual Studio Version 17
VisualStudioVersion = 17.11.35208.52
MinimumVisualStudioVersion = 10.0.40219.1
Project("{FAE04EC0-301F-11D3-BF4B-00C04F79EFBC}") = "BattleshipLiteLibrary", "BattleshipLiteLibrary\BattleshipLiteLibrary.csproj", "{7F840EA4-B3CA-43C0-9C9F-BA314DE7D94E}"
EndProject
Project("{FAE04EC0-301F-11D3-BF4B-00C04F79EFBC}") = "BattleshipLite", "BattleshipLite\BattleshipLite.csproj", "{BDBB8CB2-CA8E-45C1-883E-84F412C9EE82}"
EndProject
Global
	GlobalSection(SolutionConfigurationPlatforms) = preSolution
		Debug|Any CPU = Debug|Any CPU
		Release|Any CPU = Release|Any CPU
	EndGlobalSection
	GlobalSection(ProjectConfigurationPlatforms) = postSolution
		{7F840EA4-B3CA-43C0-9C9F-BA314DE7D94E}.Debug|Any CPU.ActiveCfg = Debug|Any CPU
		{7F840EA4-B3CA-43C0-9C9F-BA314DE7D94E}.Debug|Any CPU.Build.0 = Debug|Any CPU
		{7F840EA4-B3CA-43C0-9C9F-BA314DE7D94E}.Release|Any CPU.ActiveCfg = Release|Any CPU
		{7F840EA4-B3CA-43C0-9C9F-BA314DE7D94E}.Release|Any CPU.Build.0 = Release|Any CPU
		{BDBB8CB2-CA8E-45C1-883E-84F412C9EE82}.Debug|Any CPU.ActiveCfg = Debug|Any CPU
		{BDBB8CB2-CA8E-45C1-883E-84F412C9EE82}.Debug|Any CPU.Build.0 = Debug|Any CPU
		{BDBB8CB2-CA8E-45C1-883E-84F412C9EE82}.Release|Any CPU.ActiveCfg = Release|Any CPU
		{BDBB8CB2-CA8E-45C1-883E-84F412C9EE82}.Release|Any CPU.Build.0 = Release|Any CPU
	EndGlobalSection
	GlobalSection(SolutionProperties) = preSolution
		HideSolutionNode = FALSE
	EndGlobalSection
	GlobalSection(ExtensibilityGlobals) = postSolution
		SolutionGuid = {0BB14721-59F4-41A8-B9DF-17420C6485F7}
	EndGlobalSection
EndGlobal
